
Microsoft Visual Studio Solution File, Format Version 12.00
# Visual Studio Version 17
VisualStudioVersion = 17.11.35431.28
MinimumVisualStudioVersion = 10.0.40219.1
Project("{9A19103F-16F7-4668-BE54-9A1E7A4F7556}") = "EmployeeProjectManagement.API", "EmployeeProjectManagement.API\EmployeeProjectManagement.API.csproj", "{3EC94D13-A274-4E41-8559-8F41F45B7C05}"
EndProject
Project("{FAE04EC0-301F-11D3-BF4B-00C04F79EFBC}") = "EmployeeProjectManagements.UI", "EmployeeProjectManagements.UI\EmployeeProjectManagements.UI.csproj", "{DF24863A-F562-4A0C-815A-8270ECF52872}"
EndProject
Global
	GlobalSection(SolutionConfigurationPlatforms) = preSolution
		Debug|Any CPU = Debug|Any CPU
		Release|Any CPU = Release|Any CPU
	EndGlobalSection
	GlobalSection(ProjectConfigurationPlatforms) = postSolution
		{3EC94D13-A274-4E41-8559-8F41F45B7C05}.Debug|Any CPU.ActiveCfg = Debug|Any CPU
		{3EC94D13-A274-4E41-8559-8F41F45B7C05}.Debug|Any CPU.Build.0 = Debug|Any CPU
		{3EC94D13-A274-4E41-8559-8F41F45B7C05}.Release|Any CPU.ActiveCfg = Release|Any CPU
		{3EC94D13-A274-4E41-8559-8F41F45B7C05}.Release|Any CPU.Build.0 = Release|Any CPU
		{DF24863A-F562-4A0C-815A-8270ECF52872}.Debug|Any CPU.ActiveCfg = Debug|Any CPU
		{DF24863A-F562-4A0C-815A-8270ECF52872}.Debug|Any CPU.Build.0 = Debug|Any CPU
		{DF24863A-F562-4A0C-815A-8270ECF52872}.Release|Any CPU.ActiveCfg = Release|Any CPU
		{DF24863A-F562-4A0C-815A-8270ECF52872}.Release|Any CPU.Build.0 = Release|Any CPU
	EndGlobalSection
	GlobalSection(SolutionProperties) = preSolution
		HideSolutionNode = FALSE
	EndGlobalSection
	GlobalSection(ExtensibilityGlobals) = postSolution
		SolutionGuid = {4C923CBB-6081-4C7D-ABF2-AE2FA3C748B7}
	EndGlobalSection
EndGlobal
